
Microsoft Visual Studio Solution File, Format Version 12.00
# Visual Studio Version 16
VisualStudioVersion = 16.0.31205.134
MinimumVisualStudioVersion = 10.0.40219.1
Project("{FAE04EC0-301F-11D3-BF4B-00C04F79EFBC}") = "WinGenDocsAspose", "WinGenDocsAspose\WinGenDocsAspose.csproj", "{A66B22C8-CF65-4D92-82E0-F3BD146C6E51}"
EndProject
Global
	GlobalSection(SolutionConfigurationPlatforms) = preSolution
		Debug|Any CPU = Debug|Any CPU
		Release|Any CPU = Release|Any CPU
	EndGlobalSection
	GlobalSection(ProjectConfigurationPlatforms) = postSolution
		{A66B22C8-CF65-4D92-82E0-F3BD146C6E51}.Debug|Any CPU.ActiveCfg = Debug|Any CPU
		{A66B22C8-CF65-4D92-82E0-F3BD146C6E51}.Debug|Any CPU.Build.0 = Debug|Any CPU
		{A66B22C8-CF65-4D92-82E0-F3BD146C6E51}.Release|Any CPU.ActiveCfg = Release|Any CPU
		{A66B22C8-CF65-4D92-82E0-F3BD146C6E51}.Release|Any CPU.Build.0 = Release|Any CPU
	EndGlobalSection
	GlobalSection(SolutionProperties) = preSolution
		HideSolutionNode = FALSE
	EndGlobalSection
	GlobalSection(ExtensibilityGlobals) = postSolution
		SolutionGuid = {27B6D29B-73F1-480F-90EA-BA423EA7AB66}
	EndGlobalSection
EndGlobal
